
Microsoft Visual Studio Solution File, Format Version 12.00
# Visual Studio Version 17
VisualStudioVersion = 17.13.35828.75
MinimumVisualStudioVersion = 10.0.40219.1
Project("{FAE04EC0-301F-11D3-BF4B-00C04F79EFBC}") = "UrlShorteningService", "UrlShorteningService\UrlShorteningService.csproj", "{FD9C0FCC-46A1-4E8A-9F41-60A6B8F03918}"
EndProject
Project("{FAE04EC0-301F-11D3-BF4B-00C04F79EFBC}") = "Frontend", "Frontend\Frontend.csproj", "{3DA4F1A1-B360-43B0-924F-E28C3D40E793}"
EndProject
Global
	GlobalSection(SolutionConfigurationPlatforms) = preSolution
		Debug|Any CPU = Debug|Any CPU
		Release|Any CPU = Release|Any CPU
	EndGlobalSection
	GlobalSection(ProjectConfigurationPlatforms) = postSolution
		{FD9C0FCC-46A1-4E8A-9F41-60A6B8F03918}.Debug|Any CPU.ActiveCfg = Debug|Any CPU
		{FD9C0FCC-46A1-4E8A-9F41-60A6B8F03918}.Debug|Any CPU.Build.0 = Debug|Any CPU
		{FD9C0FCC-46A1-4E8A-9F41-60A6B8F03918}.Release|Any CPU.ActiveCfg = Release|Any CPU
		{FD9C0FCC-46A1-4E8A-9F41-60A6B8F03918}.Release|Any CPU.Build.0 = Release|Any CPU
		{3DA4F1A1-B360-43B0-924F-E28C3D40E793}.Debug|Any CPU.ActiveCfg = Debug|Any CPU
		{3DA4F1A1-B360-43B0-924F-E28C3D40E793}.Debug|Any CPU.Build.0 = Debug|Any CPU
		{3DA4F1A1-B360-43B0-924F-E28C3D40E793}.Release|Any CPU.ActiveCfg = Release|Any CPU
		{3DA4F1A1-B360-43B0-924F-E28C3D40E793}.Release|Any CPU.Build.0 = Release|Any CPU
	EndGlobalSection
	GlobalSection(SolutionProperties) = preSolution
		HideSolutionNode = FALSE
	EndGlobalSection
	GlobalSection(ExtensibilityGlobals) = postSolution
		SolutionGuid = {2317EEF4-3833-4D2A-9C82-EF6A9C6F4C84}
	EndGlobalSection
EndGlobal
